
Microsoft Visual Studio Solution File, Format Version 12.00
# Visual Studio Version 17
VisualStudioVersion = 17.4.33213.308
MinimumVisualStudioVersion = 10.0.40219.1
Project("{9A19103F-16F7-4668-BE54-9A1E7A4F7556}") = "JwtDemo", "JwtDemo\JwtDemo.csproj", "{8F0EB717-F840-4384-82A4-53CAAAC49BDC}"
EndProject
Project("{FAE04EC0-301F-11D3-BF4B-00C04F79EFBC}") = "ConsumingAPI", "ConsumingAPI\ConsumingAPI.csproj", "{ED53BF5D-F7A0-4BD7-81C9-85481E3D0FF7}"
EndProject
Global
	GlobalSection(SolutionConfigurationPlatforms) = preSolution
		Debug|Any CPU = Debug|Any CPU
		Release|Any CPU = Release|Any CPU
	EndGlobalSection
	GlobalSection(ProjectConfigurationPlatforms) = postSolution
		{8F0EB717-F840-4384-82A4-53CAAAC49BDC}.Debug|Any CPU.ActiveCfg = Debug|Any CPU
		{8F0EB717-F840-4384-82A4-53CAAAC49BDC}.Debug|Any CPU.Build.0 = Debug|Any CPU
		{8F0EB717-F840-4384-82A4-53CAAAC49BDC}.Release|Any CPU.ActiveCfg = Release|Any CPU
		{8F0EB717-F840-4384-82A4-53CAAAC49BDC}.Release|Any CPU.Build.0 = Release|Any CPU
		{ED53BF5D-F7A0-4BD7-81C9-85481E3D0FF7}.Debug|Any CPU.ActiveCfg = Debug|Any CPU
		{ED53BF5D-F7A0-4BD7-81C9-85481E3D0FF7}.Debug|Any CPU.Build.0 = Debug|Any CPU
		{ED53BF5D-F7A0-4BD7-81C9-85481E3D0FF7}.Release|Any CPU.ActiveCfg = Release|Any CPU
		{ED53BF5D-F7A0-4BD7-81C9-85481E3D0FF7}.Release|Any CPU.Build.0 = Release|Any CPU
	EndGlobalSection
	GlobalSection(SolutionProperties) = preSolution
		HideSolutionNode = FALSE
	EndGlobalSection
	GlobalSection(ExtensibilityGlobals) = postSolution
		SolutionGuid = {26ED842F-6536-448E-9B29-FFFCFE92E0C8}
	EndGlobalSection
EndGlobal
